
Microsoft Visual Studio Solution File, Format Version 12.00
# Visual Studio 15
VisualStudioVersion = 15.0.26430.6
MinimumVisualStudioVersion = 10.0.40219.1
Project("{FAE04EC0-301F-11D3-BF4B-00C04F79EFBC}") = "TestDrive.Android", "TestDrive\TestDrive.Android\TestDrive.Android.csproj", "{C7A1DD93-BC2D-4C6D-BF25-7146C28CEFCA}"
EndProject
Project("{FAE04EC0-301F-11D3-BF4B-00C04F79EFBC}") = "TestDrive", "TestDrive\TestDrive\TestDrive.csproj", "{449F7E8F-64EE-460B-AC8F-D7B96CB3D6CA}"
EndProject
Project("{FAE04EC0-301F-11D3-BF4B-00C04F79EFBC}") = "TestDrive.UWP", "TestDrive\TestDrive.UWP\TestDrive.UWP.csproj", "{4A7A1D2D-4D8B-451D-9288-BBF3F72346A0}"
EndProject
Project("{FAE04EC0-301F-11D3-BF4B-00C04F79EFBC}") = "TestDrive.iOS", "TestDrive\TestDrive.iOS\TestDrive.iOS.csproj", "{58279375-388B-4624-B704-6140310C2146}"
EndProject
Global
	GlobalSection(SolutionConfigurationPlatforms) = preSolution
		Ad-Hoc|Any CPU = Ad-Hoc|Any CPU
		Ad-Hoc|ARM = Ad-Hoc|ARM
		Ad-Hoc|iPhone = Ad-Hoc|iPhone
		Ad-Hoc|iPhoneSimulator = Ad-Hoc|iPhoneSimulator
		Ad-Hoc|x64 = Ad-Hoc|x64
		Ad-Hoc|x86 = Ad-Hoc|x86
		AppStore|Any CPU = AppStore|Any CPU
		AppStore|ARM = AppStore|ARM
		AppStore|iPhone = AppStore|iPhone
		AppStore|iPhoneSimulator = AppStore|iPhoneSimulator
		AppStore|x64 = AppStore|x64
		AppStore|x86 = AppStore|x86
		Debug|Any CPU = Debug|Any CPU
		Debug|ARM = Debug|ARM
		Debug|iPhone = Debug|iPhone
		Debug|iPhoneSimulator = Debug|iPhoneSimulator
		Debug|x64 = Debug|x64
		Debug|x86 = Debug|x86
		Release|Any CPU = Release|Any CPU
		Release|ARM = Release|ARM
		Release|iPhone = Release|iPhone
		Release|iPhoneSimulator = Release|iPhoneSimulator
		Release|x64 = Release|x64
		Release|x86 = Release|x86
	EndGlobalSection
	GlobalSection(ProjectConfigurationPlatforms) = postSolution
		{C7A1DD93-BC2D-4C6D-BF25-7146C28CEFCA}.Ad-Hoc|Any CPU.ActiveCfg = Release|Any CPU
		{C7A1DD93-BC2D-4C6D-BF25-7146C28CEFCA}.Ad-Hoc|Any CPU.Build.0 = Release|Any CPU
		{C7A1DD93-BC2D-4C6D-BF25-7146C28CEFCA}.Ad-Hoc|Any CPU.Deploy.0 = Release|Any CPU
		{C7A1DD93-BC2D-4C6D-BF25-7146C28CEFCA}.Ad-Hoc|ARM.ActiveCfg = Release|Any CPU
		{C7A1DD93-BC2D-4C6D-BF25-7146C28CEFCA}.Ad-Hoc|ARM.Build.0 = Release|Any CPU
		{C7A1DD93-BC2D-4C6D-BF25-7146C28CEFCA}.Ad-Hoc|ARM.Deploy.0 = Release|Any CPU
		{C7A1DD93-BC2D-4C6D-BF25-7146C28CEFCA}.Ad-Hoc|iPhone.ActiveCfg = Release|Any CPU
		{C7A1DD93-BC2D-4C6D-BF25-7146C28CEFCA}.Ad-Hoc|iPhone.Build.0 = Release|Any CPU
		{C7A1DD93-BC2D-4C6D-BF25-7146C28CEFCA}.Ad-Hoc|iPhone.Deploy.0 = Release|Any CPU
		{C7A1DD93-BC2D-4C6D-BF25-7146C28CEFCA}.Ad-Hoc|iPhoneSimulator.ActiveCfg = Release|Any CPU
		{C7A1DD93-BC2D-4C6D-BF25-7146C28CEFCA}.Ad-Hoc|iPhoneSimulator.Build.0 = Release|Any CPU
		{C7A1DD93-BC2D-4C6D-BF25-7146C28CEFCA}.Ad-Hoc|iPhoneSimulator.Deploy.0 = Release|Any CPU
		{C7A1DD93-BC2D-4C6D-BF25-7146C28CEFCA}.Ad-Hoc|x64.ActiveCfg = Release|Any CPU
		{C7A1DD93-BC2D-4C6D-BF25-7146C28CEFCA}.Ad-Hoc|x64.Build.0 = Release|Any CPU
		{C7A1DD93-BC2D-4C6D-BF25-7146C28CEFCA}.Ad-Hoc|x64.Deploy.0 = Release|Any CPU
		{C7A1DD93-BC2D-4C6D-BF25-7146C28CEFCA}.Ad-Hoc|x86.ActiveCfg = Release|Any CPU
		{C7A1DD93-BC2D-4C6D-BF25-7146C28CEFCA}.Ad-Hoc|x86.Build.0 = Release|Any CPU
		{C7A1DD93-BC2D-4C6D-BF25-7146C28CEFCA}.Ad-Hoc|x86.Deploy.0 = Release|Any CPU
		{C7A1DD93-BC2D-4C6D-BF25-7146C28CEFCA}.AppStore|Any CPU.ActiveCfg = Release|Any CPU
		{C7A1DD93-BC2D-4C6D-BF25-7146C28CEFCA}.AppStore|Any CPU.Build.0 = Release|Any CPU
		{C7A1DD93-BC2D-4C6D-BF25-7146C28CEFCA}.AppStore|Any CPU.Deploy.0 = Release|Any CPU
		{C7A1DD93-BC2D-4C6D-BF25-7146C28CEFCA}.AppStore|ARM.ActiveCfg = Release|Any CPU
		{C7A1DD93-BC2D-4C6D-BF25-7146C28CEFCA}.AppStore|ARM.Build.0 = Release|Any CPU
		{C7A1DD93-BC2D-4C6D-BF25-7146C28CEFCA}.AppStore|ARM.Deploy.0 = Release|Any CPU
		{C7A1DD93-BC2D-4C6D-BF25-7146C28CEFCA}.AppStore|iPhone.ActiveCfg = Release|Any CPU
		{C7A1DD93-BC2D-4C6D-BF25-7146C28CEFCA}.AppStore|iPhone.Build.0 = Release|Any CPU
		{C7A1DD93-BC2D-4C6D-BF25-7146C28CEFCA}.AppStore|iPhone.Deploy.0 = Release|Any CPU
		{C7A1DD93-BC2D-4C6D-BF25-7146C28CEFCA}.AppStore|iPhoneSimulator.ActiveCfg = Release|Any CPU
		{C7A1DD93-BC2D-4C6D-BF25-7146C28CEFCA}.AppStore|iPhoneSimulator.Build.0 = Release|Any CPU
		{C7A1DD93-BC2D-4C6D-BF25-7146C28CEFCA}.AppStore|iPhoneSimulator.Deploy.0 = Release|Any CPU
		{C7A1DD93-BC2D-4C6D-BF25-7146C28CEFCA}.AppStore|x64.ActiveCfg = Release|Any CPU
		{C7A1DD93-BC2D-4C6D-BF25-7146C28CEFCA}.AppStore|x64.Build.0 = Release|Any CPU
		{C7A1DD93-BC2D-4C6D-BF25-7146C28CEFCA}.AppStore|x64.Deploy.0 = Release|Any CPU
		{C7A1DD93-BC2D-4C6D-BF25-7146C28CEFCA}.AppStore|x86.ActiveCfg = Release|Any CPU
		{C7A1DD93-BC2D-4C6D-BF25-7146C28CEFCA}.AppStore|x86.Build.0 = Release|Any CPU
		{C7A1DD93-BC2D-4C6D-BF25-7146C28CEFCA}.AppStore|x86.Deploy.0 = Release|Any CPU
		{C7A1DD93-BC2D-4C6D-BF25-7146C28CEFCA}.Debug|Any CPU.ActiveCfg = Debug|Any CPU
		{C7A1DD93-BC2D-4C6D-BF25-7146C28CEFCA}.Debug|Any CPU.Build.0 = Debug|Any CPU
		{C7A1DD93-BC2D-4C6D-BF25-7146C28CEFCA}.Debug|Any CPU.Deploy.0 = Debug|Any CPU
		{C7A1DD93-BC2D-4C6D-BF25-7146C28CEFCA}.Debug|ARM.ActiveCfg = Debug|Any CPU
		{C7A1DD93-BC2D-4C6D-BF25-7146C28CEFCA}.Debug|ARM.Build.0 = Debug|Any CPU
		{C7A1DD93-BC2D-4C6D-BF25-7146C28CEFCA}.Debug|ARM.Deploy.0 = Debug|Any CPU
		{C7A1DD93-BC2D-4C6D-BF25-7146C28CEFCA}.Debug|iPhone.ActiveCfg = Debug|Any CPU
		{C7A1DD93-BC2D-4C6D-BF25-7146C28CEFCA}.Debug|iPhone.Build.0 = Debug|Any CPU
		{C7A1DD93-BC2D-4C6D-BF25-7146C28CEFCA}.Debug|iPhone.Deploy.0 = Debug|Any CPU
		{C7A1DD93-BC2D-4C6D-BF25-7146C28CEFCA}.Debug|iPhoneSimulator.ActiveCfg = Debug|Any CPU
		{C7A1DD93-BC2D-4C6D-BF25-7146C28CEFCA}.Debug|iPhoneSimulator.Build.0 = Debug|Any CPU
		{C7A1DD93-BC2D-4C6D-BF25-7146C28CEFCA}.Debug|iPhoneSimulator.Deploy.0 = Debug|Any CPU
		{C7A1DD93-BC2D-4C6D-BF25-7146C28CEFCA}.Debug|x64.ActiveCfg = Debug|Any CPU
		{C7A1DD93-BC2D-4C6D-BF25-7146C28CEFCA}.Debug|x64.Build.0 = Debug|Any CPU
		{C7A1DD93-BC2D-4C6D-BF25-7146C28CEFCA}.Debug|x64.Deploy.0 = Debug|Any CPU
		{C7A1DD93-BC2D-4C6D-BF25-7146C28CEFCA}.Debug|x86.ActiveCfg = Debug|Any CPU
		{C7A1DD93-BC2D-4C6D-BF25-7146C28CEFCA}.Debug|x86.Build.0 = Debug|Any CPU
		{C7A1DD93-BC2D-4C6D-BF25-7146C28CEFCA}.Debug|x86.Deploy.0 = Debug|Any CPU
		{C7A1DD93-BC2D-4C6D-BF25-7146C28CEFCA}.Release|Any CPU.ActiveCfg = Release|Any CPU
		{C7A1DD93-BC2D-4C6D-BF25-7146C28CEFCA}.Release|Any CPU.Build.0 = Release|Any CPU
		{C7A1DD93-BC2D-4C6D-BF25-7146C28CEFCA}.Release|Any CPU.Deploy.0 = Release|Any CPU
		{C7A1DD93-BC2D-4C6D-BF25-7146C28CEFCA}.Release|ARM.ActiveCfg = Release|Any CPU
		{C7A1DD93-BC2D-4C6D-BF25-7146C28CEFCA}.Release|ARM.Build.0 = Release|Any CPU
		{C7A1DD93-BC2D-4C6D-BF25-7146C28CEFCA}.Release|ARM.Deploy.0 = Release|Any CPU
		{C7A1DD93-BC2D-4C6D-BF25-7146C28CEFCA}.Release|iPhone.ActiveCfg = Release|Any CPU
		{C7A1DD93-BC2D-4C6D-BF25-7146C28CEFCA}.Release|iPhone.Build.0 = Release|Any CPU
		{C7A1DD93-BC2D-4C6D-BF25-7146C28CEFCA}.Release|iPhone.Deploy.0 = Release|Any CPU
		{C7A1DD93-BC2D-4C6D-BF25-7146C28CEFCA}.Release|iPhoneSimulator.ActiveCfg = Release|Any CPU
		{C7A1DD93-BC2D-4C6D-BF25-7146C28CEFCA}.Release|iPhoneSimulator.Build.0 = Release|Any CPU
		{C7A1DD93-BC2D-4C6D-BF25-7146C28CEFCA}.Release|iPhoneSimulator.Deploy.0 = Release|Any CPU
		{C7A1DD93-BC2D-4C6D-BF25-7146C28CEFCA}.Release|x64.ActiveCfg = Release|Any CPU
		{C7A1DD93-BC2D-4C6D-BF25-7146C28CEFCA}.Release|x64.Build.0 = Release|Any CPU
		{C7A1DD93-BC2D-4C6D-BF25-7146C28CEFCA}.Release|x64.Deploy.0 = Release|Any CPU
		{C7A1DD93-BC2D-4C6D-BF25-7146C28CEFCA}.Release|x86.ActiveCfg = Release|Any CPU
		{C7A1DD93-BC2D-4C6D-BF25-7146C28CEFCA}.Release|x86.Build.0 = Release|Any CPU
		{C7A1DD93-BC2D-4C6D-BF25-7146C28CEFCA}.Release|x86.Deploy.0 = Release|Any CPU
		{449F7E8F-64EE-460B-AC8F-D7B96CB3D6CA}.Ad-Hoc|Any CPU.ActiveCfg = Release|Any CPU
		{449F7E8F-64EE-460B-AC8F-D7B96CB3D6CA}.Ad-Hoc|Any CPU.Build.0 = Release|Any CPU
		{449F7E8F-64EE-460B-AC8F-D7B96CB3D6CA}.Ad-Hoc|ARM.ActiveCfg = Release|Any CPU
		{449F7E8F-64EE-460B-AC8F-D7B96CB3D6CA}.Ad-Hoc|ARM.Build.0 = Release|Any CPU
		{449F7E8F-64EE-460B-AC8F-D7B96CB3D6CA}.Ad-Hoc|iPhone.ActiveCfg = Release|Any CPU
		{449F7E8F-64EE-460B-AC8F-D7B96CB3D6CA}.Ad-Hoc|iPhone.Build.0 = Release|Any CPU
		{449F7E8F-64EE-460B-AC8F-D7B96CB3D6CA}.Ad-Hoc|iPhoneSimulator.ActiveCfg = Release|Any CPU
		{449F7E8F-64EE-460B-AC8F-D7B96CB3D6CA}.Ad-Hoc|iPhoneSimulator.Build.0 = Release|Any CPU
		{449F7E8F-64EE-460B-AC8F-D7B96CB3D6CA}.Ad-Hoc|x64.ActiveCfg = Release|Any CPU
		{449F7E8F-64EE-460B-AC8F-D7B96CB3D6CA}.Ad-Hoc|x64.Build.0 = Release|Any CPU
		{449F7E8F-64EE-460B-AC8F-D7B96CB3D6CA}.Ad-Hoc|x86.ActiveCfg = Release|Any CPU
		{449F7E8F-64EE-460B-AC8F-D7B96CB3D6CA}.Ad-Hoc|x86.Build.0 = Release|Any CPU
		{449F7E8F-64EE-460B-AC8F-D7B96CB3D6CA}.AppStore|Any CPU.ActiveCfg = Release|Any CPU
		{449F7E8F-64EE-460B-AC8F-D7B96CB3D6CA}.AppStore|Any CPU.Build.0 = Release|Any CPU
		{449F7E8F-64EE-460B-AC8F-D7B96CB3D6CA}.AppStore|ARM.ActiveCfg = Release|Any CPU
		{449F7E8F-64EE-460B-AC8F-D7B96CB3D6CA}.AppStore|ARM.Build.0 = Release|Any CPU
		{449F7E8F-64EE-460B-AC8F-D7B96CB3D6CA}.AppStore|iPhone.ActiveCfg = Release|Any CPU
		{449F7E8F-64EE-460B-AC8F-D7B96CB3D6CA}.AppStore|iPhone.Build.0 = Release|Any CPU
		{449F7E8F-64EE-460B-AC8F-D7B96CB3D6CA}.AppStore|iPhoneSimulator.ActiveCfg = Release|Any CPU
		{449F7E8F-64EE-460B-AC8F-D7B96CB3D6CA}.AppStore|iPhoneSimulator.Build.0 = Release|Any CPU
		{449F7E8F-64EE-460B-AC8F-D7B96CB3D6CA}.AppStore|x64.ActiveCfg = Release|Any CPU
		{449F7E8F-64EE-460B-AC8F-D7B96CB3D6CA}.AppStore|x64.Build.0 = Release|Any CPU
		{449F7E8F-64EE-460B-AC8F-D7B96CB3D6CA}.AppStore|x86.ActiveCfg = Release|Any CPU
		{449F7E8F-64EE-460B-AC8F-D7B96CB3D6CA}.AppStore|x86.Build.0 = Release|Any CPU
		{449F7E8F-64EE-460B-AC8F-D7B96CB3D6CA}.Debug|Any CPU.ActiveCfg = Debug|Any CPU
		{449F7E8F-64EE-460B-AC8F-D7B96CB3D6CA}.Debug|Any CPU.Build.0 = Debug|Any CPU
		{449F7E8F-64EE-460B-AC8F-D7B96CB3D6CA}.Debug|ARM.ActiveCfg = Debug|Any CPU
		{449F7E8F-64EE-460B-AC8F-D7B96CB3D6CA}.Debug|ARM.Build.0 = Debug|Any CPU
		{449F7E8F-64EE-460B-AC8F-D7B96CB3D6CA}.Debug|iPhone.ActiveCfg = Debug|Any CPU
		{449F7E8F-64EE-460B-AC8F-D7B96CB3D6CA}.Debug|iPhone.Build.0 = Debug|Any CPU
		{449F7E8F-64EE-460B-AC8F-D7B96CB3D6CA}.Debug|iPhoneSimulator.ActiveCfg = Debug|Any CPU
		{449F7E8F-64EE-460B-AC8F-D7B96CB3D6CA}.Debug|iPhoneSimulator.Build.0 = Debug|Any CPU
		{449F7E8F-64EE-460B-AC8F-D7B96CB3D6CA}.Debug|x64.ActiveCfg = Debug|Any CPU
		{449F7E8F-64EE-460B-AC8F-D7B96CB3D6CA}.Debug|x64.Build.0 = Debug|Any CPU
		{449F7E8F-64EE-460B-AC8F-D7B96CB3D6CA}.Debug|x86.ActiveCfg = Debug|Any CPU
		{449F7E8F-64EE-460B-AC8F-D7B96CB3D6CA}.Debug|x86.Build.0 = Debug|Any CPU
		{449F7E8F-64EE-460B-AC8F-D7B96CB3D6CA}.Release|Any CPU.ActiveCfg = Release|Any CPU
		{449F7E8F-64EE-460B-AC8F-D7B96CB3D6CA}.Release|Any CPU.Build.0 = Release|Any CPU
		{449F7E8F-64EE-460B-AC8F-D7B96CB3D6CA}.Release|ARM.ActiveCfg = Release|Any CPU
		{449F7E8F-64EE-460B-AC8F-D7B96CB3D6CA}.Release|ARM.Build.0 = Release|Any CPU
		{449F7E8F-64EE-460B-AC8F-D7B96CB3D6CA}.Release|iPhone.ActiveCfg = Release|Any CPU
		{449F7E8F-64EE-460B-AC8F-D7B96CB3D6CA}.Release|iPhone.Build.0 = Release|Any CPU
		{449F7E8F-64EE-460B-AC8F-D7B96CB3D6CA}.Release|iPhoneSimulator.ActiveCfg = Release|Any CPU
		{449F7E8F-64EE-460B-AC8F-D7B96CB3D6CA}.Release|iPhoneSimulator.Build.0 = Release|Any CPU
		{449F7E8F-64EE-460B-AC8F-D7B96CB3D6CA}.Release|x64.ActiveCfg = Release|Any CPU
		{449F7E8F-64EE-460B-AC8F-D7B96CB3D6CA}.Release|x64.Build.0 = Release|Any CPU
		{449F7E8F-64EE-460B-AC8F-D7B96CB3D6CA}.Release|x86.ActiveCfg = Release|Any CPU
		{449F7E8F-64EE-460B-AC8F-D7B96CB3D6CA}.Release|x86.Build.0 = Release|Any CPU
		{4A7A1D2D-4D8B-451D-9288-BBF3F72346A0}.Ad-Hoc|Any CPU.ActiveCfg = Release|x86
		{4A7A1D2D-4D8B-451D-9288-BBF3F72346A0}.Ad-Hoc|Any CPU.Build.0 = Release|x86
		{4A7A1D2D-4D8B-451D-9288-BBF3F72346A0}.Ad-Hoc|Any CPU.Deploy.0 = Release|x86
		{4A7A1D2D-4D8B-451D-9288-BBF3F72346A0}.Ad-Hoc|ARM.ActiveCfg = Release|ARM
		{4A7A1D2D-4D8B-451D-9288-BBF3F72346A0}.Ad-Hoc|ARM.Build.0 = Release|ARM
		{4A7A1D2D-4D8B-451D-9288-BBF3F72346A0}.Ad-Hoc|ARM.Deploy.0 = Release|ARM
		{4A7A1D2D-4D8B-451D-9288-BBF3F72346A0}.Ad-Hoc|iPhone.ActiveCfg = Release|x86
		{4A7A1D2D-4D8B-451D-9288-BBF3F72346A0}.Ad-Hoc|iPhone.Build.0 = Release|x86
		{4A7A1D2D-4D8B-451D-9288-BBF3F72346A0}.Ad-Hoc|iPhone.Deploy.0 = Release|x86
		{4A7A1D2D-4D8B-451D-9288-BBF3F72346A0}.Ad-Hoc|iPhoneSimulator.ActiveCfg = Release|x86
		{4A7A1D2D-4D8B-451D-9288-BBF3F72346A0}.Ad-Hoc|iPhoneSimulator.Build.0 = Release|x86
		{4A7A1D2D-4D8B-451D-9288-BBF3F72346A0}.Ad-Hoc|iPhoneSimulator.Deploy.0 = Release|x86
		{4A7A1D2D-4D8B-451D-9288-BBF3F72346A0}.Ad-Hoc|x64.ActiveCfg = Release|x64
		{4A7A1D2D-4D8B-451D-9288-BBF3F72346A0}.Ad-Hoc|x64.Build.0 = Release|x64
		{4A7A1D2D-4D8B-451D-9288-BBF3F72346A0}.Ad-Hoc|x64.Deploy.0 = Release|x64
		{4A7A1D2D-4D8B-451D-9288-BBF3F72346A0}.Ad-Hoc|x86.ActiveCfg = Release|x86
		{4A7A1D2D-4D8B-451D-9288-BBF3F72346A0}.Ad-Hoc|x86.Build.0 = Release|x86
		{4A7A1D2D-4D8B-451D-9288-BBF3F72346A0}.Ad-Hoc|x86.Deploy.0 = Release|x86
		{4A7A1D2D-4D8B-451D-9288-BBF3F72346A0}.AppStore|Any CPU.ActiveCfg = Release|x86
		{4A7A1D2D-4D8B-451D-9288-BBF3F72346A0}.AppStore|Any CPU.Build.0 = Release|x86
		{4A7A1D2D-4D8B-451D-9288-BBF3F72346A0}.AppStore|Any CPU.Deploy.0 = Release|x86
		{4A7A1D2D-4D8B-451D-9288-BBF3F72346A0}.AppStore|ARM.ActiveCfg = Release|ARM
		{4A7A1D2D-4D8B-451D-9288-BBF3F72346A0}.AppStore|ARM.Build.0 = Release|ARM
		{4A7A1D2D-4D8B-451D-9288-BBF3F72346A0}.AppStore|ARM.Deploy.0 = Release|ARM
		{4A7A1D2D-4D8B-451D-9288-BBF3F72346A0}.AppStore|iPhone.ActiveCfg = Release|x86
		{4A7A1D2D-4D8B-451D-9288-BBF3F72346A0}.AppStore|iPhone.Build.0 = Release|x86
		{4A7A1D2D-4D8B-451D-9288-BBF3F72346A0}.AppStore|iPhone.Deploy.0 = Release|x86
		{4A7A1D2D-4D8B-451D-9288-BBF3F72346A0}.AppStore|iPhoneSimulator.ActiveCfg = Release|x86
		{4A7A1D2D-4D8B-451D-9288-BBF3F72346A0}.AppStore|iPhoneSimulator.Build.0 = Release|x86
		{4A7A1D2D-4D8B-451D-9288-BBF3F72346A0}.AppStore|iPhoneSimulator.Deploy.0 = Release|x86
		{4A7A1D2D-4D8B-451D-9288-BBF3F72346A0}.AppStore|x64.ActiveCfg = Release|x64
		{4A7A1D2D-4D8B-451D-9288-BBF3F72346A0}.AppStore|x64.Build.0 = Release|x64
		{4A7A1D2D-4D8B-451D-9288-BBF3F72346A0}.AppStore|x64.Deploy.0 = Release|x64
		{4A7A1D2D-4D8B-451D-9288-BBF3F72346A0}.AppStore|x86.ActiveCfg = Release|x86
		{4A7A1D2D-4D8B-451D-9288-BBF3F72346A0}.AppStore|x86.Build.0 = Release|x86
		{4A7A1D2D-4D8B-451D-9288-BBF3F72346A0}.AppStore|x86.Deploy.0 = Release|x86
		{4A7A1D2D-4D8B-451D-9288-BBF3F72346A0}.Debug|Any CPU.ActiveCfg = Debug|x86
		{4A7A1D2D-4D8B-451D-9288-BBF3F72346A0}.Debug|ARM.ActiveCfg = Debug|ARM
		{4A7A1D2D-4D8B-451D-9288-BBF3F72346A0}.Debug|ARM.Build.0 = Debug|ARM
		{4A7A1D2D-4D8B-451D-9288-BBF3F72346A0}.Debug|ARM.Deploy.0 = Debug|ARM
		{4A7A1D2D-4D8B-451D-9288-BBF3F72346A0}.Debug|iPhone.ActiveCfg = Debug|x86
		{4A7A1D2D-4D8B-451D-9288-BBF3F72346A0}.Debug|iPhoneSimulator.ActiveCfg = Debug|x86
		{4A7A1D2D-4D8B-451D-9288-BBF3F72346A0}.Debug|x64.ActiveCfg = Debug|x64
		{4A7A1D2D-4D8B-451D-9288-BBF3F72346A0}.Debug|x64.Build.0 = Debug|x64
		{4A7A1D2D-4D8B-451D-9288-BBF3F72346A0}.Debug|x64.Deploy.0 = Debug|x64
		{4A7A1D2D-4D8B-451D-9288-BBF3F72346A0}.Debug|x86.ActiveCfg = Debug|x86
		{4A7A1D2D-4D8B-451D-9288-BBF3F72346A0}.Debug|x86.Build.0 = Debug|x86
		{4A7A1D2D-4D8B-451D-9288-BBF3F72346A0}.Debug|x86.Deploy.0 = Debug|x86
		{4A7A1D2D-4D8B-451D-9288-BBF3F72346A0}.Release|Any CPU.ActiveCfg = Release|x86
		{4A7A1D2D-4D8B-451D-9288-BBF3F72346A0}.Release|ARM.ActiveCfg = Release|ARM
		{4A7A1D2D-4D8B-451D-9288-BBF3F72346A0}.Release|ARM.Build.0 = Release|ARM
		{4A7A1D2D-4D8B-451D-9288-BBF3F72346A0}.Release|ARM.Deploy.0 = Release|ARM
		{4A7A1D2D-4D8B-451D-9288-BBF3F72346A0}.Release|iPhone.ActiveCfg = Release|x86
		{4A7A1D2D-4D8B-451D-9288-BBF3F72346A0}.Release|iPhoneSimulator.ActiveCfg = Release|x86
		{4A7A1D2D-4D8B-451D-9288-BBF3F72346A0}.Release|x64.ActiveCfg = Release|x64
		{4A7A1D2D-4D8B-451D-9288-BBF3F72346A0}.Release|x64.Build.0 = Release|x64
		{4A7A1D2D-4D8B-451D-9288-BBF3F72346A0}.Release|x64.Deploy.0 = Release|x64
		{4A7A1D2D-4D8B-451D-9288-BBF3F72346A0}.Release|x86.ActiveCfg = Release|x86
		{4A7A1D2D-4D8B-451D-9288-BBF3F72346A0}.Release|x86.Build.0 = Release|x86
		{4A7A1D2D-4D8B-451D-9288-BBF3F72346A0}.Release|x86.Deploy.0 = Release|x86
		{58279375-388B-4624-B704-6140310C2146}.Ad-Hoc|Any CPU.ActiveCfg = Ad-Hoc|iPhone
		{58279375-388B-4624-B704-6140310C2146}.Ad-Hoc|ARM.ActiveCfg = Ad-Hoc|iPhone
		{58279375-388B-4624-B704-6140310C2146}.Ad-Hoc|iPhone.ActiveCfg = Ad-Hoc|iPhone
		{58279375-388B-4624-B704-6140310C2146}.Ad-Hoc|iPhone.Build.0 = Ad-Hoc|iPhone
		{58279375-388B-4624-B704-6140310C2146}.Ad-Hoc|iPhoneSimulator.ActiveCfg = Ad-Hoc|iPhoneSimulator
		{58279375-388B-4624-B704-6140310C2146}.Ad-Hoc|iPhoneSimulator.Build.0 = Ad-Hoc|iPhoneSimulator
		{58279375-388B-4624-B704-6140310C2146}.Ad-Hoc|x64.ActiveCfg = Ad-Hoc|iPhone
		{58279375-388B-4624-B704-6140310C2146}.Ad-Hoc|x86.ActiveCfg = Ad-Hoc|iPhone
		{58279375-388B-4624-B704-6140310C2146}.AppStore|Any CPU.ActiveCfg = AppStore|iPhone
		{58279375-388B-4624-B704-6140310C2146}.AppStore|ARM.ActiveCfg = AppStore|iPhone
		{58279375-388B-4624-B704-6140310C2146}.AppStore|iPhone.ActiveCfg = AppStore|iPhone
		{58279375-388B-4624-B704-6140310C2146}.AppStore|iPhone.Build.0 = AppStore|iPhone
		{58279375-388B-4624-B704-6140310C2146}.AppStore|iPhoneSimulator.ActiveCfg = AppStore|iPhoneSimulator
		{58279375-388B-4624-B704-6140310C2146}.AppStore|iPhoneSimulator.Build.0 = AppStore|iPhoneSimulator
		{58279375-388B-4624-B704-6140310C2146}.AppStore|x64.ActiveCfg = AppStore|iPhone
		{58279375-388B-4624-B704-6140310C2146}.AppStore|x86.ActiveCfg = AppStore|iPhone
		{58279375-388B-4624-B704-6140310C2146}.Debug|Any CPU.ActiveCfg = Debug|iPhone
		{58279375-388B-4624-B704-6140310C2146}.Debug|ARM.ActiveCfg = Debug|iPhone
		{58279375-388B-4624-B704-6140310C2146}.Debug|iPhone.ActiveCfg = Debug|iPhone
		{58279375-388B-4624-B704-6140310C2146}.Debug|iPhone.Build.0 = Debug|iPhone
		{58279375-388B-4624-B704-6140310C2146}.Debug|iPhoneSimulator.ActiveCfg = Debug|iPhoneSimulator
		{58279375-388B-4624-B704-6140310C2146}.Debug|iPhoneSimulator.Build.0 = Debug|iPhoneSimulator
		{58279375-388B-4624-B704-6140310C2146}.Debug|x64.ActiveCfg = Debug|iPhone
		{58279375-388B-4624-B704-6140310C2146}.Debug|x86.ActiveCfg = Debug|iPhone
		{58279375-388B-4624-B704-6140310C2146}.Release|Any CPU.ActiveCfg = Release|iPhone
		{58279375-388B-4624-B704-6140310C2146}.Release|ARM.ActiveCfg = Release|iPhone
		{58279375-388B-4624-B704-6140310C2146}.Release|iPhone.ActiveCfg = Release|iPhone
		{58279375-388B-4624-B704-6140310C2146}.Release|iPhone.Build.0 = Release|iPhone
		{58279375-388B-4624-B704-6140310C2146}.Release|iPhoneSimulator.ActiveCfg = Release|iPhoneSimulator
		{58279375-388B-4624-B704-6140310C2146}.Release|iPhoneSimulator.Build.0 = Release|iPhoneSimulator
		{58279375-388B-4624-B704-6140310C2146}.Release|x64.ActiveCfg = Release|iPhone
		{58279375-388B-4624-B704-6140310C2146}.Release|x86.ActiveCfg = Release|iPhone
	EndGlobalSection
	GlobalSection(SolutionProperties) = preSolution
		HideSolutionNode = FALSE
	EndGlobalSection
EndGlobal
